# THIS IS AN AUTOGENERATED FILE. DO NOT EDIT THIS FILE DIRECTLY.
# yarn lockfile v1
"@types/node":
  version "6.0.45"
  resolved "https://registry.yarnpkg.com/@types/node/-/node-6.0.45.tgz#c4842a9d653d767831e4ff495b6008cc0d579966"

typescript:
  version "2.0.3"
  resolved "https://registry.yarnpkg.com/typescript/-/typescript-2.0.3.tgz#33dec9eae86b8eee327dd419ca050c853cabd514"

